
Microsoft Visual Studio Solution File, Format Version 12.00
# Visual Studio Version 17
VisualStudioVersion = 17.5.002.0
MinimumVisualStudioVersion = 10.0.40219.1
Project("{9A19103F-16F7-4668-BE54-9A1E7A4F7556}") = "CC2", "CC2.csproj", "{8733968F-7304-4CD2-8781-45D2BF209DCB}"
EndProject
Global
	GlobalSection(SolutionConfigurationPlatforms) = preSolution
		Debug|Any CPU = Debug|Any CPU
		Release|Any CPU = Release|Any CPU
	EndGlobalSection
	GlobalSection(ProjectConfigurationPlatforms) = postSolution
		{8733968F-7304-4CD2-8781-45D2BF209DCB}.Debug|Any CPU.ActiveCfg = Debug|Any CPU
		{8733968F-7304-4CD2-8781-45D2BF209DCB}.Debug|Any CPU.Build.0 = Debug|Any CPU
		{8733968F-7304-4CD2-8781-45D2BF209DCB}.Release|Any CPU.ActiveCfg = Release|Any CPU
		{8733968F-7304-4CD2-8781-45D2BF209DCB}.Release|Any CPU.Build.0 = Release|Any CPU
	EndGlobalSection
	GlobalSection(SolutionProperties) = preSolution
		HideSolutionNode = FALSE
	EndGlobalSection
	GlobalSection(ExtensibilityGlobals) = postSolution
		SolutionGuid = {F58FCEF6-4565-4AC2-AFC7-241513EE621A}
	EndGlobalSection
EndGlobal
